hash: 23c5c15e8f3d686b2f7c7151c8c90048270cc646c3a7adacc6edda719217e3e3
updated: 2017-01-03T15:44:48.39304458-06:00
imports:
- name: github.com/apparentlymart/go-cidr
  version: a3ebdb999b831ecb6ab8a226e31b07b2b9061c47
  subpackages:
  - cidr
- name: github.com/aws/aws-sdk-go
  version: 565027b24171359f23f883d0fc48c228cdde301d
  subpackages:
  - aws
  - aws/awserr
  - aws/awsutil
  - aws/client
  - aws/client/metadata
  - aws/corehandlers
  - aws/credentials
  - aws/credentials/ec2rolecreds
  - aws/credentials/endpointcreds
  - aws/defaults
  - aws/ec2metadata
  - aws/request
  - aws/session
  - aws/signer/v4
  - private/endpoints
  - private/protocol
  - private/protocol/query
  - private/protocol/query/queryutil
  - private/protocol/rest
  - private/protocol/restxml
  - private/protocol/xml/xmlutil
  - private/waiter
  - service/s3
- name: github.com/bgentry/go-netrc
  version: 9fd32a8b3d3d3f9d43c341bfe098430e07609480
  subpackages:
  - netrc
- name: github.com/dylanmei/iso8601
  version: 2075bf119b58e5576c6ed9f867b8f3d17f2e54d4
- name: github.com/dylanmei/winrmtest
  version: 025617847eb2cf9bd1d851bc3b22ed28e6245ce5
- name: github.com/go-ini/ini
  version: afbd495e5aaea13597b5e14fe514ddeaa4d76fc3
- name: github.com/hashicorp/errwrap
  version: 7554cd9344cec97297fa6649b055a8c98c2a1e55
- name: github.com/hashicorp/go-getter
  version: 2fbd997432e72fe36060c8f07ec1eaf98d098177
  subpackages:
  - helper/url
- name: github.com/hashicorp/go-multierror
  version: d30f09973e19c1dfcd120b2d9c4f168e68d6b5d5
- name: github.com/hashicorp/go-plugin
  version: 8cf118f7a2f0c7ef1c82f66d4f6ac77c7e27dc12
- name: github.com/hashicorp/go-uuid
  version: 64130c7a86d732268a38cb04cfbaf0cc987fda98
- name: github.com/hashicorp/go-version
  version: deeb027c13a95d56c7585df3fe29207208c6706e
- name: github.com/hashicorp/hcl
  version: 6f5bfed9a0a22222fbe4e731ae3481730ba41e93
  subpackages:
  - hcl/ast
  - hcl/parser
  - hcl/scanner
  - hcl/strconv
  - hcl/token
  - json/parser
  - json/scanner
  - json/token
- name: github.com/hashicorp/hil
  version: 9b187c1c33c99adcaa09fad1ef410961be96f280
  subpackages:
  - ast
- name: github.com/hashicorp/terraform
  version: dd2c6da4f6226b5ccd0601a15bba197fc223b1ec
  subpackages:
  - communicator
  - communicator/remote
  - communicator/shared
  - communicator/ssh
  - communicator/winrm
  - config
  - config/module
  - dag
  - flatmap
  - helper/experiment
  - helper/hilmapstructure
  - helper/shadow
  - plugin
  - terraform
- name: github.com/hashicorp/yamux
  version: d1caa6c97c9fc1cc9e83bbe34d0603f9ff0ce8bd
- name: github.com/jmespath/go-jmespath
  version: c01cf91b011868172fdcd9f41838e80c9d716264
- name: github.com/masterzen/simplexml
  version: 4572e39b1ab9fe03ee513ce6fc7e289e98482190
  subpackages:
  - dom
- name: github.com/masterzen/winrm
  version: 54ea5d01478cfc2afccec1504bd0dfcd8c260cfa
  subpackages:
  - soap
  - winrm
- name: github.com/masterzen/xmlpath
  version: 13f4951698adc0fa9c1dda3e275d489a24201161
- name: github.com/mitchellh/copystructure
  version: 6871c41ca9148d368715dedcda473f396f205df5
- name: github.com/mitchellh/go-homedir
  version: b8bc1bf767474819792c23f32d8286a45736f1c6
- name: github.com/mitchellh/go-linereader
  version: 07bab5fdd9580500aea6ada0e09df4aa28e68abd
- name: github.com/mitchellh/mapstructure
  version: d2dd0262208475919e1a362f675cfc0e7c10e905
- name: github.com/mitchellh/packer
  version: 42144640658ded0e55be62984642750ffc4978db
  subpackages:
  - common/uuid
- name: github.com/mitchellh/reflectwalk
  version: eecf4c70c626c7cfbb95c90195bc34d386c74ac6
- name: github.com/nu7hatch/gouuid
  version: 179d4d0c4d8d407a32af483c2354df1d2c91e6c3
- name: github.com/packer-community/winrmcp
  version: 3d184cea22ee1c41ec1697e0d830ff0c78f7ea97
  subpackages:
  - winrmcp
- name: github.com/satori/go.uuid
  version: 0aa62d5ddceb50dbcb909d790b5345affd3669b6
- name: github.com/xanzy/ssh-agent
  version: ba9c9e33906f58169366275e3450db66139a31a9
- name: golang.org/x/crypto
  version: 1f22c0103821b9390939b6776727195525381532
  subpackages:
  - curve25519
  - ssh
  - ssh/agent
testImports:
- name: github.com/davecgh/go-spew
  version: 5215b55f46b2b919f50a1df0eaa5886afe4e3b3d
  subpackages:
  - spew
- name: github.com/pmezard/go-difflib
  version: d8ed2627bdf02c080bf22230dbb337003b7aba2d
  subpackages:
  - difflib
- name: github.com/stretchr/testify
  version: c5d7a69bf8a2c9c374798160849c071093e41dd1
  subpackages:
  - assert
